{
  "name": "create-react-app-with-typescript",
  "version": "5.0.0",
  "lockfileVersion": 1,
  "requires": true,
  "dependencies": {
    "@babel/runtime": {
      "version": "7.16.3",
      "resolved": "https://registry.npmjs.org/@babel/runtime/-/runtime-7.16.3.tgz",
      "integrity": "sha512-WBwekcqacdY2e9AF/Q7WLFUWmdJGJTkbjqTjoMDgXkVZ3ZRUvOPsLb5KdwISoQVsbP+DQzVZW4Zhci0DvpbNTQ==",
      "requires": {
        "regenerator-runtime": "^0.13.4"
      }
    },
    "@material/animation": {
      "version": "13.0.0",
      "resolved": "https://registry.npmjs.org/@material/animation/-/animation-13.0.0.tgz",
      "integrity": "sha512-YR0/u4u56qXDjKYolQ7F+IvlPkaSBhMl/dZv8DK0FbD6PH4ckOPd3bEXNRndXtprsxwknQQP2pttjPImylkl0g==",
      "requires": {
        "tslib": "^2.1.0"
      },
      "dependencies": {
        "tslib": {
          "version": "2.3.1",
          "resolved": "https://registry.npmjs.org/tslib/-/tslib-2.3.1.tgz",
          "integrity": "sha512-77EbyPPpMz+FRFRuAFlWMtmgUWGe9UOG2Z25NqCwiIjRhOf5iKGuzSe5P2w1laq+FkRy4p+PCuVkJSGkzTEKVw=="
        }
      }
    },
    "@material/base": {
      "version": "13.0.0",
      "resolved": "https://registry.npmjs.org/@material/base/-/base-13.0.0.tgz",
      "integrity": "sha512-vFx0JryRfcvUNX3cZ2u32wUMvxzd+c/YW0LFOXNgqCDWlubHcMm0Y6Wz371LhfQo80/NE69u+/4Joo99yKnVeg==",
      "requires": {
        "tslib": "^2.1.0"
      },
      "dependencies": {
        "tslib": {
          "version": "2.3.1",
          "resolved": "https://registry.npmjs.org/tslib/-/tslib-2.3.1.tgz",
          "integrity": "sha512-77EbyPPpMz+FRFRuAFlWMtmgUWGe9UOG2Z25NqCwiIjRhOf5iKGuzSe5P2w1laq+FkRy4p+PCuVkJSGkzTEKVw=="
        }
      }
    },
    "@material/checkbox": {
      "version": "13.0.0",
      "resolved": "https://registry.npmjs.org/@material/checkbox/-/checkbox-13.0.0.tgz",
      "integrity": "sha512-tRC6n9Jq7GgdU0d1F8NOvUy6WiRZR58tUgL1QqoiQK9PGKSt0dAF3Aa48uubO7/Lt9K4NqgwV6/OeHv8pHaM/w==",
      "requires": {
        "@material/animation": "^13.0.0",
        "@material/base": "^13.0.0",
        "@material/density": "^13.0.0",
        "@material/dom": "^13.0.0",
        "@material/feature-targeting": "^13.0.0",
        "@material/ripple": "^13.0.0",
        "@material/theme": "^13.0.0",
        "@material/touch-target": "^13.0.0",
        "tslib": "^2.1.0"
      },
      "dependencies": {
        "tslib": {
          "version": "2.3.1",
          "resolved": "https://registry.npmjs.org/tslib/-/tslib-2.3.1.tgz",
          "integrity": "sha512-77EbyPPpMz+FRFRuAFlWMtmgUWGe9UOG2Z25NqCwiIjRhOf5iKGuzSe5P2w1laq+FkRy4p+PCuVkJSGkzTEKVw=="
        }
      }
    },
    "@material/data-table": {
      "version": "13.0.0",
      "resolved": "https://registry.npmjs.org/@material/data-table/-/data-table-13.0.0.tgz",
      "integrity": "sha512-Z3yEq1T6Om/A3ntPw0bd40dqtOR4H3++pvchgW35kq+V9xDLL0hfzmuiy0QH4plA2ZsFYJxjt02k/SRvnkjKPQ==",
      "requires": {
        "@material/animation": "^13.0.0",
        "@material/base": "^13.0.0",
        "@material/checkbox": "^13.0.0",
        "@material/density": "^13.0.0",
        "@material/dom": "^13.0.0",
        "@material/elevation": "^13.0.0",
        "@material/feature-targeting": "^13.0.0",
        "@material/icon-button": "^13.0.0",
        "@material/linear-progress": "^13.0.0",
        "@material/list": "^13.0.0",
        "@material/menu": "^13.0.0",
        "@material/rtl": "^13.0.0",
        "@material/select": "^13.0.0",
        "@material/shape": "^13.0.0",
        "@material/theme": "^13.0.0",
        "@material/touch-target": "^13.0.0",
        "@material/typography": "^13.0.0",
        "tslib": "^2.1.0"
      },
      "dependencies": {
        "tslib": {
          "version": "2.3.1",
          "resolved": "https://registry.npmjs.org/tslib/-/tslib-2.3.1.tgz",
          "integrity": "sha512-77EbyPPpMz+FRFRuAFlWMtmgUWGe9UOG2Z25NqCwiIjRhOf5iKGuzSe5P2w1laq+FkRy4p+PCuVkJSGkzTEKVw=="
        }
      }
    },
    "@material/density": {
      "version": "13.0.0",
      "resolved": "https://registry.npmjs.org/@material/density/-/density-13.0.0.tgz",
      "integrity": "sha512-ppJTzOsuhjQam5GvHaq/XZocZNUr+41XQ2sd5nONAmQ0wwzXgqG0FaxtF1EXqK3uZFadz+vAu6enagre9DXhTA==",
      "requires": {
        "tslib": "^2.1.0"
      },
      "dependencies": {
        "tslib": {
          "version": "2.3.1",
          "resolved": "https://registry.npmjs.org/tslib/-/tslib-2.3.1.tgz",
          "integrity": "sha512-77EbyPPpMz+FRFRuAFlWMtmgUWGe9UOG2Z25NqCwiIjRhOf5iKGuzSe5P2w1laq+FkRy4p+PCuVkJSGkzTEKVw=="
        }
      }
    },
    "@material/dom": {
      "version": "13.0.0",
      "resolved": "https://registry.npmjs.org/@material/dom/-/dom-13.0.0.tgz",
      "integrity": "sha512-M9HLAYBZtkTUvf66FL+jAEvUOdhji1HkGA1mV6oyE+HY9gkCkmso+mngvzlLd5+uaAVE9I3WQFhSb9gp0cpXnw==",
      "requires": {
        "@material/feature-targeting": "^13.0.0",
        "tslib": "^2.1.0"
      },
      "dependencies": {
        "tslib": {
          "version": "2.3.1",
          "resolved": "https://registry.npmjs.org/tslib/-/tslib-2.3.1.tgz",
          "integrity": "sha512-77EbyPPpMz+FRFRuAFlWMtmgUWGe9UOG2Z25NqCwiIjRhOf5iKGuzSe5P2w1laq+FkRy4p+PCuVkJSGkzTEKVw=="
        }
      }
    },
    "@material/elevation": {
      "version": "13.0.0",
      "resolved": "https://registry.npmjs.org/@material/elevation/-/elevation-13.0.0.tgz",
      "integrity": "sha512-hzdblgamVRbC0UwKafcvUVDvKzMiOSveDiwGgFk+EAg/tZRdwMlQPyf/9I6Lr8Cw/pNGnEOPhmCDOYPOHimr0w==",
      "requires": {
        "@material/animation": "^13.0.0",
        "@material/base": "^13.0.0",
        "@material/feature-targeting": "^13.0.0",
        "@material/rtl": "^13.0.0",
        "@material/theme": "^13.0.0",
        "tslib": "^2.1.0"
      },
      "dependencies": {
        "tslib": {
          "version": "2.3.1",
          "resolved": "https://registry.npmjs.org/tslib/-/tslib-2.3.1.tgz",
          "integrity": "sha512-77EbyPPpMz+FRFRuAFlWMtmgUWGe9UOG2Z25NqCwiIjRhOf5iKGuzSe5P2w1laq+FkRy4p+PCuVkJSGkzTEKVw=="
        }
      }
    },
    "@material/feature-targeting": {
      "version": "13.0.0",
      "resolved": "https://registry.npmjs.org/@material/feature-targeting/-/feature-targeting-13.0.0.tgz",
      "integrity": "sha512-QJClfeaA4EMyAxKJy9WR0Nx+/VwSZCkhGLUVBG9NhxqYGfl/LtaeaidrNm32vYEoNZAofN92VD2RwQTRwp/dMQ==",
      "requires": {
        "tslib": "^2.1.0"
      },
      "dependencies": {
        "tslib": {
          "version": "2.3.1",
          "resolved": "https://registry.npmjs.org/tslib/-/tslib-2.3.1.tgz",
          "integrity": "sha512-77EbyPPpMz+FRFRuAFlWMtmgUWGe9UOG2Z25NqCwiIjRhOf5iKGuzSe5P2w1laq+FkRy4p+PCuVkJSGkzTEKVw=="
        }
      }
    },
    "@material/floating-label": {
      "version": "13.0.0",
      "resolved": "https://registry.npmjs.org/@material/floating-label/-/floating-label-13.0.0.tgz",
      "integrity": "sha512-imAPamD97QrizVCOpxjr3UfQJyDBpEEhDBSbEbKLrCpqG3jQx4/My5rNKKVGWjxUiBYgBA1dhkn98RRX5tGBtQ==",
      "requires": {
        "@material/animation": "^13.0.0",
        "@material/base": "^13.0.0",
        "@material/dom": "^13.0.0",
        "@material/feature-targeting": "^13.0.0",
        "@material/rtl": "^13.0.0",
        "@material/theme": "^13.0.0",
        "@material/typography": "^13.0.0",
        "tslib": "^2.1.0"
      },
      "dependencies": {
        "tslib": {
          "version": "2.3.1",
          "resolved": "https://registry.npmjs.org/tslib/-/tslib-2.3.1.tgz",
          "integrity": "sha512-77EbyPPpMz+FRFRuAFlWMtmgUWGe9UOG2Z25NqCwiIjRhOf5iKGuzSe5P2w1laq+FkRy4p+PCuVkJSGkzTEKVw=="
        }
      }
    },
    "@material/icon-button": {
      "version": "13.0.0",
      "resolved": "https://registry.npmjs.org/@material/icon-button/-/icon-button-13.0.0.tgz",
      "integrity": "sha512-SdxFytWvbfN0fj7jHFq3DqK5/Zoms+Ipuv6fI8AzwgDFe7mXJ2euPahN+3XcmJ3BaSMyfYsdbcYdCWs8bgHW1w==",
      "requires": {
        "@material/base": "^13.0.0",
        "@material/density": "^13.0.0",
        "@material/elevation": "^13.0.0",
        "@material/feature-targeting": "^13.0.0",
        "@material/ripple": "^13.0.0",
        "@material/rtl": "^13.0.0",
        "@material/theme": "^13.0.0",
        "@material/touch-target": "^13.0.0",
        "tslib": "^2.1.0"
      },
      "dependencies": {
        "tslib": {
          "version": "2.3.1",
          "resolved": "https://registry.npmjs.org/tslib/-/tslib-2.3.1.tgz",
          "integrity": "sha512-77EbyPPpMz+FRFRuAFlWMtmgUWGe9UOG2Z25NqCwiIjRhOf5iKGuzSe5P2w1laq+FkRy4p+PCuVkJSGkzTEKVw=="
        }
      }
    },
    "@material/line-ripple": {
      "version": "13.0.0",
      "resolved": "https://registry.npmjs.org/@material/line-ripple/-/line-ripple-13.0.0.tgz",
      "integrity": "sha512-5djBRXrd1+SiMVUTWr4rD6xv+/qTaGGmgUS5GytBE5mczvnEwcPmM4PzF+HNj2TS+wvNvIfRjRmUzWO2Z6w2lA==",
      "requires": {
        "@material/animation": "^13.0.0",
        "@material/base": "^13.0.0",
        "@material/feature-targeting": "^13.0.0",
        "@material/theme": "^13.0.0",
        "tslib": "^2.1.0"
      },
      "dependencies": {
        "tslib": {
          "version": "2.3.1",
          "resolved": "https://registry.npmjs.org/tslib/-/tslib-2.3.1.tgz",
          "integrity": "sha512-77EbyPPpMz+FRFRuAFlWMtmgUWGe9UOG2Z25NqCwiIjRhOf5iKGuzSe5P2w1laq+FkRy4p+PCuVkJSGkzTEKVw=="
        }
      }
    },
    "@material/linear-progress": {
      "version": "13.0.0",
      "resolved": "https://registry.npmjs.org/@material/linear-progress/-/linear-progress-13.0.0.tgz",
      "integrity": "sha512-FJpP6flSME5QRPfkB616uA5bk9aMKJBqkklrHk6dSMZaTKbiHRmc6faxMIZ4w9W49JFMXaSwzC39y96tQTiRQg==",
      "requires": {
        "@material/animation": "^13.0.0",
        "@material/base": "^13.0.0",
        "@material/feature-targeting": "^13.0.0",
        "@material/progress-indicator": "^13.0.0",
        "@material/rtl": "^13.0.0",
        "@material/theme": "^13.0.0",
        "tslib": "^2.1.0"
      },
      "dependencies": {
        "tslib": {
          "version": "2.3.1",
          "resolved": "https://registry.npmjs.org/tslib/-/tslib-2.3.1.tgz",
          "integrity": "sha512-77EbyPPpMz+FRFRuAFlWMtmgUWGe9UOG2Z25NqCwiIjRhOf5iKGuzSe5P2w1laq+FkRy4p+PCuVkJSGkzTEKVw=="
        }
      }
    },
    "@material/list": {
      "version": "13.0.0",
      "resolved": "https://registry.npmjs.org/@material/list/-/list-13.0.0.tgz",
      "integrity": "sha512-poq4WNDEfW6Z3YPAn3wdBX4RSkj3A83Pht6984MmG8YJZMlq34ftHECw37VcdmFJIyRPdpZqywJo/i7CxsSAgQ==",
      "requires": {
        "@material/base": "^13.0.0",
        "@material/density": "^13.0.0",
        "@material/dom": "^13.0.0",
        "@material/feature-targeting": "^13.0.0",
        "@material/ripple": "^13.0.0",
        "@material/rtl": "^13.0.0",
        "@material/shape": "^13.0.0",
        "@material/theme": "^13.0.0",
        "@material/typography": "^13.0.0",
        "tslib": "^2.1.0"
      },
      "dependencies": {
        "tslib": {
          "version": "2.3.1",
          "resolved": "https://registry.npmjs.org/tslib/-/tslib-2.3.1.tgz",
          "integrity": "sha512-77EbyPPpMz+FRFRuAFlWMtmgUWGe9UOG2Z25NqCwiIjRhOf5iKGuzSe5P2w1laq+FkRy4p+PCuVkJSGkzTEKVw=="
        }
      }
    },
    "@material/menu": {
      "version": "13.0.0",
      "resolved": "https://registry.npmjs.org/@material/menu/-/menu-13.0.0.tgz",
      "integrity": "sha512-RY9R2ubYU6a7WRJW3nWr/AoSzdrxwUGqkfJSx0U9M/wK1vbXYYcJ7eCXFzSpa5VrstE7of7PbyYtQ8V61tILEQ==",
      "requires": {
        "@material/base": "^13.0.0",
        "@material/dom": "^13.0.0",
        "@material/elevation": "^13.0.0",
        "@material/feature-targeting": "^13.0.0",
        "@material/list": "^13.0.0",
        "@material/menu-surface": "^13.0.0",
        "@material/ripple": "^13.0.0",
        "@material/rtl": "^13.0.0",
        "@material/theme": "^13.0.0",
        "tslib": "^2.1.0"
      },
      "dependencies": {
        "tslib": {
          "version": "2.3.1",
          "resolved": "https://registry.npmjs.org/tslib/-/tslib-2.3.1.tgz",
          "integrity": "sha512-77EbyPPpMz+FRFRuAFlWMtmgUWGe9UOG2Z25NqCwiIjRhOf5iKGuzSe5P2w1laq+FkRy4p+PCuVkJSGkzTEKVw=="
        }
      }
    },
    "@material/menu-surface": {
      "version": "13.0.0",
      "resolved": "https://registry.npmjs.org/@material/menu-surface/-/menu-surface-13.0.0.tgz",
      "integrity": "sha512-Irfnk0l8AO7z8ucilbBzZI8izbFV/aK1GbiPpT1SmZuKkL1z+04rB2HpB+OqwaBixdLTDq70AyawcnQ0MACeXQ==",
      "requires": {
        "@material/animation": "^13.0.0",
        "@material/base": "^13.0.0",
        "@material/elevation": "^13.0.0",
        "@material/feature-targeting": "^13.0.0",
        "@material/rtl": "^13.0.0",
        "@material/shape": "^13.0.0",
        "@material/theme": "^13.0.0",
        "tslib": "^2.1.0"
      },
      "dependencies": {
        "tslib": {
          "version": "2.3.1",
          "resolved": "https://registry.npmjs.org/tslib/-/tslib-2.3.1.tgz",
          "integrity": "sha512-77EbyPPpMz+FRFRuAFlWMtmgUWGe9UOG2Z25NqCwiIjRhOf5iKGuzSe5P2w1laq+FkRy4p+PCuVkJSGkzTEKVw=="
        }
      }
    },
    "@material/notched-outline": {
      "version": "13.0.0",
      "resolved": "https://registry.npmjs.org/@material/notched-outline/-/notched-outline-13.0.0.tgz",
      "integrity": "sha512-BHdxr1x2AN4oqycTNg0FGisG3rMHf50z3MuyUoQsJJ3WGjxBMWKd0yK/xl4m38nFKPg1vQnzyHIYTJdRpCaE7A==",
      "requires": {
        "@material/base": "^13.0.0",
        "@material/feature-targeting": "^13.0.0",
        "@material/floating-label": "^13.0.0",
        "@material/rtl": "^13.0.0",
        "@material/shape": "^13.0.0",
        "@material/theme": "^13.0.0",
        "tslib": "^2.1.0"
      },
      "dependencies": {
        "tslib": {
          "version": "2.3.1",
          "resolved": "https://registry.npmjs.org/tslib/-/tslib-2.3.1.tgz",
          "integrity": "sha512-77EbyPPpMz+FRFRuAFlWMtmgUWGe9UOG2Z25NqCwiIjRhOf5iKGuzSe5P2w1laq+FkRy4p+PCuVkJSGkzTEKVw=="
        }
      }
    },
    "@material/progress-indicator": {
      "version": "13.0.0",
      "resolved": "https://registry.npmjs.org/@material/progress-indicator/-/progress-indicator-13.0.0.tgz",
      "integrity": "sha512-IfhAMn03gWg/Rl0Bg26Q1g+DrMnaULllz+ZJeIY7BXZC5qFYq1fLq4+RiQmfPGlJfURUjrWNLcI1VDVyXUHHzg==",
      "requires": {
        "tslib": "^2.1.0"
      },
      "dependencies": {
        "tslib": {
          "version": "2.3.1",
          "resolved": "https://registry.npmjs.org/tslib/-/tslib-2.3.1.tgz",
          "integrity": "sha512-77EbyPPpMz+FRFRuAFlWMtmgUWGe9UOG2Z25NqCwiIjRhOf5iKGuzSe5P2w1laq+FkRy4p+PCuVkJSGkzTEKVw=="
        }
      }
    },
    "@material/ripple": {
      "version": "13.0.0",
      "resolved": "https://registry.npmjs.org/@material/ripple/-/ripple-13.0.0.tgz",
      "integrity": "sha512-hx4B40hB2rRfsGwf1jwo2GGlYDq0yUQjcMcMmXfQipPJNpQhy8ylmXKc1DBjmWf7EQ/MgbfCSYwPrYXrbGP31w==",
      "requires": {
        "@material/animation": "^13.0.0",
        "@material/base": "^13.0.0",
        "@material/dom": "^13.0.0",
        "@material/feature-targeting": "^13.0.0",
        "@material/rtl": "^13.0.0",
        "@material/theme": "^13.0.0",
        "tslib": "^2.1.0"
      },
      "dependencies": {
        "tslib": {
          "version": "2.3.1",
          "resolved": "https://registry.npmjs.org/tslib/-/tslib-2.3.1.tgz",
          "integrity": "sha512-77EbyPPpMz+FRFRuAFlWMtmgUWGe9UOG2Z25NqCwiIjRhOf5iKGuzSe5P2w1laq+FkRy4p+PCuVkJSGkzTEKVw=="
        }
      }
    },
    "@material/rtl": {
      "version": "13.0.0",
      "resolved": "https://registry.npmjs.org/@material/rtl/-/rtl-13.0.0.tgz",
      "integrity": "sha512-nFGy3iQg7k+xLs67eb86mRFVLwa0yi7MusqRK4OM8DXcLO5yoVfUTPKpdSykcbRryp9imVHsxutox2tZawR4og==",
      "requires": {
        "@material/theme": "^13.0.0",
        "tslib": "^2.1.0"
      },
      "dependencies": {
        "tslib": {
          "version": "2.3.1",
          "resolved": "https://registry.npmjs.org/tslib/-/tslib-2.3.1.tgz",
          "integrity": "sha512-77EbyPPpMz+FRFRuAFlWMtmgUWGe9UOG2Z25NqCwiIjRhOf5iKGuzSe5P2w1laq+FkRy4p+PCuVkJSGkzTEKVw=="
        }
      }
    },
    "@material/select": {
      "version": "13.0.0",
      "resolved": "https://registry.npmjs.org/@material/select/-/select-13.0.0.tgz",
      "integrity": "sha512-wVprsSMicU/l+LAqXdOU+qdzzdHupLXpWWQo2Rsk8G6AxL1Zna+/+ETnRlDdr2wHHK/KNDXSBdmuCcoEIRshcA==",
      "requires": {
        "@material/animation": "^13.0.0",
        "@material/base": "^13.0.0",
        "@material/density": "^13.0.0",
        "@material/dom": "^13.0.0",
        "@material/feature-targeting": "^13.0.0",
        "@material/floating-label": "^13.0.0",
        "@material/line-ripple": "^13.0.0",
        "@material/list": "^13.0.0",
        "@material/menu": "^13.0.0",
        "@material/menu-surface": "^13.0.0",
        "@material/notched-outline": "^13.0.0",
        "@material/ripple": "^13.0.0",
        "@material/rtl": "^13.0.0",
        "@material/shape": "^13.0.0",
        "@material/theme": "^13.0.0",
        "@material/typography": "^13.0.0",
        "tslib": "^2.1.0"
      },
      "dependencies": {
        "tslib": {
          "version": "2.3.1",
          "resolved": "https://registry.npmjs.org/tslib/-/tslib-2.3.1.tgz",
          "integrity": "sha512-77EbyPPpMz+FRFRuAFlWMtmgUWGe9UOG2Z25NqCwiIjRhOf5iKGuzSe5P2w1laq+FkRy4p+PCuVkJSGkzTEKVw=="
        }
      }
    },
    "@material/shape": {
      "version": "13.0.0",
      "resolved": "https://registry.npmjs.org/@material/shape/-/shape-13.0.0.tgz",
      "integrity": "sha512-exk96+iCjzCujk3aSrvIMhmW773s1Tc0h+MbQKbt6Iv3nHJCyLSiRbxclCHXWHrVwG/9KZRkrt/g2qk7P3VRBg==",
      "requires": {
        "@material/feature-targeting": "^13.0.0",
        "@material/rtl": "^13.0.0",
        "@material/theme": "^13.0.0",
        "tslib": "^2.1.0"
      },
      "dependencies": {
        "tslib": {
          "version": "2.3.1",
          "resolved": "https://registry.npmjs.org/tslib/-/tslib-2.3.1.tgz",
          "integrity": "sha512-77EbyPPpMz+FRFRuAFlWMtmgUWGe9UOG2Z25NqCwiIjRhOf5iKGuzSe5P2w1laq+FkRy4p+PCuVkJSGkzTEKVw=="
        }
      }
    },
    "@material/theme": {
      "version": "13.0.0",
      "resolved": "https://registry.npmjs.org/@material/theme/-/theme-13.0.0.tgz",
      "integrity": "sha512-KAe1s0MvvfCGAwJliDVTvgAKuD3ESwhl7F7br4Iam4IPdqME2rWl8NPhKHFfaWqTG7PyCgMMngYEYuA8cLNTsA==",
      "requires": {
        "@material/feature-targeting": "^13.0.0",
        "tslib": "^2.1.0"
      },
      "dependencies": {
        "tslib": {
          "version": "2.3.1",
          "resolved": "https://registry.npmjs.org/tslib/-/tslib-2.3.1.tgz",
          "integrity": "sha512-77EbyPPpMz+FRFRuAFlWMtmgUWGe9UOG2Z25NqCwiIjRhOf5iKGuzSe5P2w1laq+FkRy4p+PCuVkJSGkzTEKVw=="
        }
      }
    },
    "@material/touch-target": {
      "version": "13.0.0",
      "resolved": "https://registry.npmjs.org/@material/touch-target/-/touch-target-13.0.0.tgz",
      "integrity": "sha512-2BMjj+nwKIYG7cZZGcNuRSKo53knqDu9ksv9wLidxjLgzqXBd1v9gdXsqMRQXepoOqftWGmYMaRYI0xMnxt6lA==",
      "requires": {
        "@material/base": "^13.0.0",
        "@material/feature-targeting": "^13.0.0",
        "@material/rtl": "^13.0.0",
        "tslib": "^2.1.0"
      },
      "dependencies": {
        "tslib": {
          "version": "2.3.1",
          "resolved": "https://registry.npmjs.org/tslib/-/tslib-2.3.1.tgz",
          "integrity": "sha512-77EbyPPpMz+FRFRuAFlWMtmgUWGe9UOG2Z25NqCwiIjRhOf5iKGuzSe5P2w1laq+FkRy4p+PCuVkJSGkzTEKVw=="
        }
      }
    },
    "@material/typography": {
      "version": "13.0.0",
      "resolved": "https://registry.npmjs.org/@material/typography/-/typography-13.0.0.tgz",
      "integrity": "sha512-UfaK4vT3LmGiiySf2RVIrf7fJZa6EJadFwo4YUMJx9bvUMRlBm1oI8Vo9fYpKdLfuSTeA+2BlgbwYVObj3laFw==",
      "requires": {
        "@material/feature-targeting": "^13.0.0",
        "@material/theme": "^13.0.0",
        "tslib": "^2.1.0"
      },
      "dependencies": {
        "tslib": {
          "version": "2.3.1",
          "resolved": "https://registry.npmjs.org/tslib/-/tslib-2.3.1.tgz",
          "integrity": "sha512-77EbyPPpMz+FRFRuAFlWMtmgUWGe9UOG2Z25NqCwiIjRhOf5iKGuzSe5P2w1laq+FkRy4p+PCuVkJSGkzTEKVw=="
        }
      }
    },
    "@mui/icons-material": {
      "version": "5.1.1",
      "resolved": "https://registry.npmjs.org/@mui/icons-material/-/icons-material-5.1.1.tgz",
      "integrity": "sha512-tLM1/QhVAgcetEscZa8BlM1IRRaoNxjhFzQOIs5wAuuVhHSrB8zZCKugpZVIZ1nKyQqLgVEa9TbtWpo5jLrnRQ==",
      "requires": {
        "@babel/runtime": "^7.16.3"
      }
    },
    "@types/prop-types": {
      "version": "15.7.4",
      "resolved": "https://registry.npmjs.org/@types/prop-types/-/prop-types-15.7.4.tgz",
      "integrity": "sha512-rZ5drC/jWjrArrS8BR6SIr4cWpW09RNTYt9AMZo3Jwwif+iacXAqgVjm0B0Bv/S1jhDXKHqRVNCbACkJ89RAnQ==",
      "dev": true
    },
    "@types/react-table": {
      "version": "7.7.8",
      "resolved": "https://registry.npmjs.org/@types/react-table/-/react-table-7.7.8.tgz",
      "integrity": "sha512-OMhbPlf+uUGte3M1WdArEKeBkyQ1XJxKvFYs+o1dGGGyaSVIqxPPQmBZ6Skkw0V9y0F/kOY7rnTD8r9GbfpBOg==",
      "dev": true,
      "requires": {
        "@types/react": "*"
      },
      "dependencies": {
        "@types/react": {
          "version": "17.0.37",
          "resolved": "https://registry.npmjs.org/@types/react/-/react-17.0.37.tgz",
          "integrity": "sha512-2FS1oTqBGcH/s0E+CjrCCR9+JMpsu9b69RTFO+40ua43ZqP5MmQ4iUde/dMjWR909KxZwmOQIFq6AV6NjEG5xg==",
          "dev": true,
          "requires": {
            "@types/prop-types": "*",
            "@types/scheduler": "*",
            "csstype": "^3.0.2"
          }
        }
      }
    },
    "@types/scheduler": {
      "version": "0.16.2",
      "resolved": "https://registry.npmjs.org/@types/scheduler/-/scheduler-0.16.2.tgz",
      "integrity": "sha512-hppQEBDmlwhFAXKJX2KnWLYu5yMfi91yazPb2l+lbJiwW+wdo1gNeRA+3RgNSO39WYX2euey41KEwnqesU2Jew==",
      "dev": true
    },
    "axios": {
      "version": "0.24.0",
      "resolved": "https://registry.npmjs.org/axios/-/axios-0.24.0.tgz",
      "integrity": "sha512-Q6cWsys88HoPgAaFAVUb0WpPk0O8iTeisR9IMqy9G8AbO4NlpVknrnQS03zzF9PGAWgO3cgletO3VjV/P7VztA==",
      "requires": {
        "follow-redirects": "^1.14.4"
      }
    },
    "csstype": {
      "version": "3.0.10",
      "resolved": "https://registry.npmjs.org/csstype/-/csstype-3.0.10.tgz",
      "integrity": "sha512-2u44ZG2OcNUO9HDp/Jl8C07x6pU/eTR3ncV91SiK3dhG9TWvRVsCoJw14Ckx5DgWkzGA3waZWO3d7pgqpUI/XA==",
      "dev": true
    },
    "follow-redirects": {
      "version": "1.14.5",
      "resolved": "https://registry.npmjs.org/follow-redirects/-/follow-redirects-1.14.5.tgz",
      "integrity": "sha512-wtphSXy7d4/OR+MvIFbCVBDzZ5520qV8XfPklSN5QtxuMUJZ+b0Wnst1e1lCDocfzuCkHqj8k0FpZqO+UIaKNA=="
    },
    "history": {
      "version": "5.1.0",
      "resolved": "https://registry.npmjs.org/history/-/history-5.1.0.tgz",
      "integrity": "sha512-zPuQgPacm2vH2xdORvGGz1wQMuHSIB56yNAy5FnLuwOwgSYyPKptJtcMm6Ev+hRGeS+GzhbmRacHzvlESbFwDg==",
      "requires": {
        "@babel/runtime": "^7.7.6"
      }
    },
    "react-router": {
      "version": "6.0.2",
      "resolved": "https://registry.npmjs.org/react-router/-/react-router-6.0.2.tgz",
      "integrity": "sha512-8/Wm3Ed8t7TuedXjAvV39+c8j0vwrI5qVsYqjFr5WkJjsJpEvNSoLRUbtqSEYzqaTUj1IV+sbPJxvO+accvU0Q==",
      "requires": {
        "history": "^5.1.0"
      }
    },
    "react-router-dom": {
      "version": "6.0.2",
      "resolved": "https://registry.npmjs.org/react-router-dom/-/react-router-dom-6.0.2.tgz",
      "integrity": "sha512-cOpJ4B6raFutr0EG8O/M2fEoyQmwvZWomf1c6W2YXBZuFBx8oTk/zqjXghwScyhfrtnt0lANXV2182NQblRxFA==",
      "requires": {
        "history": "^5.1.0",
        "react-router": "6.0.2"
      }
    },
    "react-table": {
      "version": "7.7.0",
      "resolved": "https://registry.npmjs.org/react-table/-/react-table-7.7.0.tgz",
      "integrity": "sha512-jBlj70iBwOTvvImsU9t01LjFjy4sXEtclBovl3mTiqjz23Reu0DKnRza4zlLtOPACx6j2/7MrQIthIK1Wi+LIA=="
    },
    "regenerator-runtime": {
      "version": "0.13.9",
      "resolved": "https://registry.npmjs.org/regenerator-runtime/-/regenerator-runtime-0.13.9.tgz",
      "integrity": "sha512-p3VT+cOEgxFsRRA9X4lkI1E+k2/CtnKtU4gcxyaCUreilL/vqI6CdZ3wxVUx3UOUg+gnUOQQcRI7BmSI656MYA=="
    }
  }
}
